# This file was autogenerated by Stack.
# You should not edit this file by hand.
# For more information, please see the documentation at:
#   https://docs.haskellstack.org/en/stable/lock_files

packages:
- completed:
    subdir: code/morley
    name: morley
    version: 1.14.0
    git: https://gitlab.com/morley-framework/morley.git
    pantry-tree:
      size: 9854
      sha256: 94cc944145522572fdf6a358fef9ad178f99ac552cc776d89a2c2bf86dfe26ca
    commit: 439239cc921fcf0bf90490eaffb03eb01bc9f7d1
  original:
    subdir: code/morley
    git: https://gitlab.com/morley-framework/morley.git
    commit: 439239cc921fcf0bf90490eaffb03eb01bc9f7d1
- completed:
    subdir: code/lorentz
    name: lorentz
    version: 0.11.0
    git: https://gitlab.com/morley-framework/morley.git
    pantry-tree:
      size: 3873
      sha256: 3f2d65d1a79d90810bcd13cbd2e236a882e112a08d6bd9e7dbde6b0fdcf685fd
    commit: 439239cc921fcf0bf90490eaffb03eb01bc9f7d1
  original:
    subdir: code/lorentz
    git: https://gitlab.com/morley-framework/morley.git
    commit: 439239cc921fcf0bf90490eaffb03eb01bc9f7d1
- completed:
    subdir: code/cleveland
    name: cleveland
    version: 0.1.0
    git: https://gitlab.com/morley-framework/morley.git
    pantry-tree:
      size: 13196
      sha256: ab6359d9e7edd00ec58c1f5cfb3beb2e03a2f857aa3a51ca55adad849f9828e6
    commit: 439239cc921fcf0bf90490eaffb03eb01bc9f7d1
  original:
    subdir: code/cleveland
    git: https://gitlab.com/morley-framework/morley.git
    commit: 439239cc921fcf0bf90490eaffb03eb01bc9f7d1
- completed:
    subdir: code/morley-client
    name: morley-client
    version: 0.1.0
    git: https://gitlab.com/morley-framework/morley.git
    pantry-tree:
      size: 3313
      sha256: 8024fe91667b551cd1510bc546f98698f8847ef54b54c866733706ee76d5d0e1
    commit: 439239cc921fcf0bf90490eaffb03eb01bc9f7d1
  original:
    subdir: code/morley-client
    git: https://gitlab.com/morley-framework/morley.git
    commit: 439239cc921fcf0bf90490eaffb03eb01bc9f7d1
- completed:
    subdir: .
    name: indigo
    version: 0.5.0
    git: https://gitlab.com/morley-framework/indigo.git
    pantry-tree:
      size: 14358
      sha256: 70c062eeb6999aad27e89a1d10b7f6ffb4f319d992c996a7979722036482d6da
    commit: 4ba66d2976c06d10b4686083ee25234106846504
  original:
    subdir: .
    git: https://gitlab.com/morley-framework/indigo.git
    commit: 4ba66d2976c06d10b4686083ee25234106846504
- completed:
    subdir: code/morley-ledgers
    name: morley-ledgers
    version: 0.2.0.1
    git: https://gitlab.com/morley-framework/morley-ledgers.git
    pantry-tree:
      size: 1525
      sha256: 77b8b3a7378839a523070f91de1008226dd7afc5cdff6d463eaeeccc29de7fcb
    commit: 93792e47ac0373951ab927f7f0a446981d83a3f5
  original:
    subdir: code/morley-ledgers
    git: https://gitlab.com/morley-framework/morley-ledgers.git
    commit: 93792e47ac0373951ab927f7f0a446981d83a3f5
- completed:
    name: base-noprelude
    version: 4.14.1.0
    git: https://github.com/serokell/base-noprelude.git
    pantry-tree:
      size: 823
      sha256: be322fd116817b527a3a391ba3c24d9252e4f03fd5b1b6abb815ccc78218e50f
    commit: 87df0899801dcdffd08ef7c3efd3c63e67e623c2
  original:
    git: https://github.com/serokell/base-noprelude.git
    commit: 87df0899801dcdffd08ef7c3efd3c63e67e623c2
- completed:
    name: elliptic-curve
    version: 0.3.1
    git: https://github.com/serokell/elliptic-curve.git
    pantry-tree:
      size: 12030
      sha256: f4f032b7ef9a23afbd65a765e3a335ec8cdd219a5dfe6ee276f72e15d644a0fd
    commit: b8a3d0cf8f7bacfed77dc3b697f5d08bd33396a8
  original:
    git: https://github.com/serokell/elliptic-curve.git
    commit: b8a3d0cf8f7bacfed77dc3b697f5d08bd33396a8
- completed:
    name: pairing
    version: 1.1.0
    git: https://github.com/serokell/pairing.git
    pantry-tree:
      size: 8733
      sha256: cc187e182595c780607ec09e1f01e7d85fbb901c2e04d8c6331e65851aa878c7
    commit: cf86cf1f6b03f478a439703b050c520a9d455353
  original:
    git: https://github.com/serokell/pairing.git
    commit: cf86cf1f6b03f478a439703b050c520a9d455353
- completed:
    name: galois-field
    version: 1.0.4
    git: https://github.com/serokell/galois-field.git
    pantry-tree:
      size: 4657
      sha256: 1c5f35fa2f128d1341fffb29300ebc09f2ac463220bf76425fe12ffc2d171d48
    commit: 576ba98ec947370835a1f308895037c7aa7f8b71
  original:
    git: https://github.com/serokell/galois-field.git
    commit: 576ba98ec947370835a1f308895037c7aa7f8b71
- completed:
    name: caps
    version: '0'
    git: https://github.com/int-index/caps.git
    pantry-tree:
      size: 374
      sha256: 3a80cb98282b5cc87b8c9907bfdf4d7185818e89901dc9b17d53caecbf21e607
    commit: c5d61837eb358989b581ed82b1e79158c4823b1b
  original:
    git: https://github.com/int-index/caps.git
    commit: c5d61837eb358989b581ed82b1e79158c4823b1b
- completed:
    hackage: hex-text-0.1.0.2@sha256:154df2b81c1dd38b055fa6a90cb6964f60c5cf4a0ba633ea929d8a79af89519a,1301
    pantry-tree:
      size: 368
      sha256: 9271e478d8bdd05760ae5ed86f72f28065e3a942019c79b5a69dc604a4b0e1a8
  original:
    hackage: hex-text-0.1.0.2@sha256:154df2b81c1dd38b055fa6a90cb6964f60c5cf4a0ba633ea929d8a79af89519a,1301
- completed:
    hackage: morley-prelude-0.4.1@sha256:e2446405985f3248576a785d274f00eb16a2f1cfb0b123ade0206da345081f7b,2187
    pantry-tree:
      size: 269
      sha256: cd19c52a38ec8e23d138ba7ada5d50fee78e9ec922cade0eda29a730fcf6fc3a
  original:
    hackage: morley-prelude-0.4.1
- completed:
    hackage: named-0.3.0.1@sha256:2975d50c9c5d88095026ffc1303d2d9be52e5f588a8f8bcb7003a04b79f10a06,2312
    pantry-tree:
      size: 426
      sha256: e0df5f146ecd48ef129dd74f868e8d2d754f0a11b36c5d0e56bd4b1947433c9f
  original:
    hackage: named-0.3.0.1@sha256:2975d50c9c5d88095026ffc1303d2d9be52e5f588a8f8bcb7003a04b79f10a06,2312
- completed:
    hackage: show-type-0.1.1@sha256:24f681a3481b3f9630e619d816054804ba1bd6cc05b5978ddd2cece8499ff2fa,1154
    pantry-tree:
      size: 214
      sha256: c07e39492e0b8da34f87b3f7516f7739d60543013e7f22bc7db0dbe99eb57540
  original:
    hackage: show-type-0.1.1@sha256:24f681a3481b3f9630e619d816054804ba1bd6cc05b5978ddd2cece8499ff2fa,1154
- completed:
    hackage: base16-bytestring-1.0.1.0@sha256:33b9d57afa334d06485033e930c6b13fc760baf88fd8f715ae2f9a4b46e19a54,2641
    pantry-tree:
      size: 595
      sha256: 24661ef9b1089d468227300f8ceb89194b5cce68b9f6ed8109b01f63c07f54e3
  original:
    hackage: base16-bytestring-1.0.1.0@sha256:33b9d57afa334d06485033e930c6b13fc760baf88fd8f715ae2f9a4b46e19a54
- completed:
    hackage: summoner-2.0.1.1@sha256:8ced26ff256e012447e2c6a49a20102511adbea605624f00a059e1e85c366719,6993
    pantry-tree:
      size: 6092
      sha256: d4650b53899bda375f27f2b82a3729f7f5a235e4dd732cb50b22a4e838a3d45d
  original:
    hackage: summoner-2.0.1.1
- completed:
    hackage: generic-data-0.8.3.0@sha256:fef21320697370fa1fadc14f72ac3ad8092b021f5371b315be3c9f3bde44c274,3710
    pantry-tree:
      size: 2061
      sha256: bac628a423a6f86675d062f513278285b2a370f8f4a350c65a880b7043b6fb86
  original:
    hackage: generic-data-0.8.3.0
- completed:
    hackage: neat-interpolation-0.3.2.6@sha256:05a7516f4ffc86ba1ca4e9c1cddda5a062131ae518e1d423d6f162c214be4cc1,3066
    pantry-tree:
      size: 514
      sha256: f8f5b320c436ee1316fa1b7c38235af8f0a3d11cbba714d57e3ffeedeb05ed7a
  original:
    hackage: neat-interpolation-0.3.2.6
- completed:
    hackage: megaparsec-8.0.0@sha256:362f85e243ecbcb550e1de6e5c74ba5a50c09edaa1208c99bc5b9fd242227fc6,3808
    pantry-tree:
      size: 1446
      sha256: 955117c00a86970f2d0c215f33cf5293b16589c04678a0a790c03368ab6fd0aa
  original:
    hackage: megaparsec-8.0.0
snapshots:
- completed:
    size: 563099
    url: https://raw.githubusercontent.com/commercialhaskell/stackage-snapshots/master/lts/17/3.yaml
    sha256: 1e9f31ec160a144f796bc49b91dfc2bab5eca88b1dcc93da569108febaf5b382
  original: lts-17.3
