# This file was autogenerated by Stack.
# You should not edit this file by hand.
# For more information, please see the documentation at:
#   https://docs.haskellstack.org/en/stable/lock_files

packages:
- completed:
    subdir: code/morley
    name: morley
    version: 1.13.0
    git: https://gitlab.com/morley-framework/morley.git
    pantry-tree:
      size: 9641
      sha256: d65540c475280e0b74b586f4146b291dde17b389e7bad7c1deef376ec36428d4
    commit: 121bf833899d3bcdce63daa3c917f575cf3476ea
  original:
    subdir: code/morley
    git: https://gitlab.com/morley-framework/morley.git
    commit: 121bf833899d3bcdce63daa3c917f575cf3476ea
- completed:
    subdir: code/lorentz
    name: lorentz
    version: 0.10.0
    git: https://gitlab.com/morley-framework/morley.git
    pantry-tree:
      size: 3741
      sha256: fce541c1b843a238687baac6bef5db7c729a346dae1d2ee33195e56c8320a7d0
    commit: 121bf833899d3bcdce63daa3c917f575cf3476ea
  original:
    subdir: code/lorentz
    git: https://gitlab.com/morley-framework/morley.git
    commit: 121bf833899d3bcdce63daa3c917f575cf3476ea
- completed:
    subdir: code/cleveland
    name: cleveland
    version: 0.1.0
    git: https://gitlab.com/morley-framework/morley.git
    pantry-tree:
      size: 12580
      sha256: d90866ecfa4dded096277532e41da2e4e765ca98aa35abf8d6774d5d1b371d40
    commit: 121bf833899d3bcdce63daa3c917f575cf3476ea
  original:
    subdir: code/cleveland
    git: https://gitlab.com/morley-framework/morley.git
    commit: 121bf833899d3bcdce63daa3c917f575cf3476ea
- completed:
    subdir: code/morley-client
    name: morley-client
    version: 0.1.0
    git: https://gitlab.com/morley-framework/morley.git
    pantry-tree:
      size: 3175
      sha256: 00f60cb7810aeb4eb22011cac7da5b3c015ce4a106a6cdd9273593e65fe51d28
    commit: 121bf833899d3bcdce63daa3c917f575cf3476ea
  original:
    subdir: code/morley-client
    git: https://gitlab.com/morley-framework/morley.git
    commit: 121bf833899d3bcdce63daa3c917f575cf3476ea
- completed:
    name: base-noprelude
    version: 4.14.1.0
    git: https://github.com/serokell/base-noprelude.git
    pantry-tree:
      size: 823
      sha256: be322fd116817b527a3a391ba3c24d9252e4f03fd5b1b6abb815ccc78218e50f
    commit: 87df0899801dcdffd08ef7c3efd3c63e67e623c2
  original:
    git: https://github.com/serokell/base-noprelude.git
    commit: 87df0899801dcdffd08ef7c3efd3c63e67e623c2
- completed:
    name: elliptic-curve
    version: 0.3.1
    git: https://github.com/serokell/elliptic-curve.git
    pantry-tree:
      size: 12030
      sha256: f4f032b7ef9a23afbd65a765e3a335ec8cdd219a5dfe6ee276f72e15d644a0fd
    commit: b8a3d0cf8f7bacfed77dc3b697f5d08bd33396a8
  original:
    git: https://github.com/serokell/elliptic-curve.git
    commit: b8a3d0cf8f7bacfed77dc3b697f5d08bd33396a8
- completed:
    name: pairing
    version: 1.1.0
    git: https://github.com/serokell/pairing.git
    pantry-tree:
      size: 8733
      sha256: cc187e182595c780607ec09e1f01e7d85fbb901c2e04d8c6331e65851aa878c7
    commit: cf86cf1f6b03f478a439703b050c520a9d455353
  original:
    git: https://github.com/serokell/pairing.git
    commit: cf86cf1f6b03f478a439703b050c520a9d455353
- completed:
    name: galois-field
    version: 1.0.4
    git: https://github.com/serokell/galois-field.git
    pantry-tree:
      size: 4657
      sha256: 1c5f35fa2f128d1341fffb29300ebc09f2ac463220bf76425fe12ffc2d171d48
    commit: 576ba98ec947370835a1f308895037c7aa7f8b71
  original:
    git: https://github.com/serokell/galois-field.git
    commit: 576ba98ec947370835a1f308895037c7aa7f8b71
- completed:
    name: caps
    version: '0'
    git: https://github.com/int-index/caps.git
    pantry-tree:
      size: 374
      sha256: 3a80cb98282b5cc87b8c9907bfdf4d7185818e89901dc9b17d53caecbf21e607
    commit: c5d61837eb358989b581ed82b1e79158c4823b1b
  original:
    git: https://github.com/int-index/caps.git
    commit: c5d61837eb358989b581ed82b1e79158c4823b1b
- completed:
    hackage: hex-text-0.1.0.2@sha256:154df2b81c1dd38b055fa6a90cb6964f60c5cf4a0ba633ea929d8a79af89519a,1301
    pantry-tree:
      size: 368
      sha256: 9271e478d8bdd05760ae5ed86f72f28065e3a942019c79b5a69dc604a4b0e1a8
  original:
    hackage: hex-text-0.1.0.2@sha256:154df2b81c1dd38b055fa6a90cb6964f60c5cf4a0ba633ea929d8a79af89519a,1301
- completed:
    hackage: morley-prelude-0.3.0@sha256:9e9473ac14cfa206adf0a3700764c0251de05042f1fe45daf9cb8556079ae663,2085
    pantry-tree:
      size: 270
      sha256: 402cd467a690373ca891fa31650376312be351244c6d7e187ca9961d3708de0a
  original:
    hackage: morley-prelude-0.3.0@sha256:9e9473ac14cfa206adf0a3700764c0251de05042f1fe45daf9cb8556079ae663,2085
- completed:
    hackage: named-0.3.0.1@sha256:2975d50c9c5d88095026ffc1303d2d9be52e5f588a8f8bcb7003a04b79f10a06,2312
    pantry-tree:
      size: 426
      sha256: e0df5f146ecd48ef129dd74f868e8d2d754f0a11b36c5d0e56bd4b1947433c9f
  original:
    hackage: named-0.3.0.1@sha256:2975d50c9c5d88095026ffc1303d2d9be52e5f588a8f8bcb7003a04b79f10a06,2312
- completed:
    hackage: show-type-0.1.1@sha256:24f681a3481b3f9630e619d816054804ba1bd6cc05b5978ddd2cece8499ff2fa,1154
    pantry-tree:
      size: 214
      sha256: c07e39492e0b8da34f87b3f7516f7739d60543013e7f22bc7db0dbe99eb57540
  original:
    hackage: show-type-0.1.1@sha256:24f681a3481b3f9630e619d816054804ba1bd6cc05b5978ddd2cece8499ff2fa,1154
- completed:
    hackage: base16-bytestring-1.0.1.0@sha256:33b9d57afa334d06485033e930c6b13fc760baf88fd8f715ae2f9a4b46e19a54,2641
    pantry-tree:
      size: 595
      sha256: 24661ef9b1089d468227300f8ceb89194b5cce68b9f6ed8109b01f63c07f54e3
  original:
    hackage: base16-bytestring-1.0.1.0@sha256:33b9d57afa334d06485033e930c6b13fc760baf88fd8f715ae2f9a4b46e19a54
snapshots:
- completed:
    size: 563099
    url: https://raw.githubusercontent.com/commercialhaskell/stackage-snapshots/master/lts/17/3.yaml
    sha256: 1e9f31ec160a144f796bc49b91dfc2bab5eca88b1dcc93da569108febaf5b382
  original: lts-17.3
